{
  "name": "test",
  "version": "1.0.0",
  "lockfileVersion": 1,
  "requires": true,
  "dependencies": {
    "@rjchicago/docker-event-stream": {
      "version": "0.1.0",
      "resolved": "https://registry.npmjs.org/@rjchicago/docker-event-stream/-/docker-event-stream-0.1.0.tgz",
      "integrity": "sha512-ztMnvBtoOrD6FMSXFfSSFEZrWf9PsQNHfptDBexEtl61zP0DR2B+hwUFNJgXYSEBtaqLOOOe3Z89x8giDKbxJQ=="
    }
  }
}
