{
  "name": "example",
  "version": "1.0.0",
  "lockfileVersion": 1,
  "requires": true,
  "dependencies": {
    "@rjchicago/docker-event-stream": {
      "version": "0.2.0",
      "resolved": "https://registry.npmjs.org/@rjchicago/docker-event-stream/-/docker-event-stream-0.2.0.tgz",
      "integrity": "sha512-n8ZW2pBsRsdcpzZDbALf1xeTI/+//Vn/SIR2LchUoy6s27I3Yw87Y6szJzIKRZv4KehSH4jMJqyqAtY/iLq0PA=="
    }
  }
}
